
Microsoft Visual Studio Solution File, Format Version 12.00
# Visual Studio Version 17
VisualStudioVersion = 17.2.32616.157
MinimumVisualStudioVersion = 10.0.40219.1
Project("{8BC9CEB8-8B4A-11D0-8D11-00A0C91BC942}") = "OkayEngine", "OkayEngine\OkayEngine.vcxproj", "{5B47345B-E773-42D8-88D0-E38904AD39FD}"
EndProject
Global
	GlobalSection(SolutionConfigurationPlatforms) = preSolution
		Debug|x64 = Debug|x64
		Debug|x86 = Debug|x86
		Release|x64 = Release|x64
		Release|x86 = Release|x86
	EndGlobalSection
	GlobalSection(ProjectConfigurationPlatforms) = postSolution
		{5B47345B-E773-42D8-88D0-E38904AD39FD}.Debug|x64.ActiveCfg = Debug|x64
		{5B47345B-E773-42D8-88D0-E38904AD39FD}.Debug|x64.Build.0 = Debug|x64
		{5B47345B-E773-42D8-88D0-E38904AD39FD}.Debug|x86.ActiveCfg = Debug|Win32
		{5B47345B-E773-42D8-88D0-E38904AD39FD}.Debug|x86.Build.0 = Debug|Win32
		{5B47345B-E773-42D8-88D0-E38904AD39FD}.Release|x64.ActiveCfg = Release|x64
		{5B47345B-E773-42D8-88D0-E38904AD39FD}.Release|x64.Build.0 = Release|x64
		{5B47345B-E773-42D8-88D0-E38904AD39FD}.Release|x86.ActiveCfg = Release|Win32
		{5B47345B-E773-42D8-88D0-E38904AD39FD}.Release|x86.Build.0 = Release|Win32
	EndGlobalSection
	GlobalSection(SolutionProperties) = preSolution
		HideSolutionNode = FALSE
	EndGlobalSection
	GlobalSection(ExtensibilityGlobals) = postSolution
		SolutionGuid = {ED63AF7F-F28D-44D1-B5CB-F20BF3753697}
	EndGlobalSection
EndGlobal
