<?xml version="1.0" encoding="utf-8"?>
<Project ToolsVersion="4.0" xmlns="http://schemas.microsoft.com/developer/msbuild/2003">
  <ItemGroup>
    <Filter Include="Source Files">
      <UniqueIdentifier>{4FC737F1-C7A5-4376-A066-2A32D752A2FF}</UniqueIdentifier>
      <Extensions>cpp;c;cc;cxx;c++;cppm;ixx;def;odl;idl;hpj;bat;asm;asmx</Extensions>
    </Filter>
    <Filter Include="Header Files">
      <UniqueIdentifier>{93995380-89BD-4b04-88EB-625FBE52EBFB}</UniqueIdentifier>
      <Extensions>h;hh;hpp;hxx;h++;hm;inl;inc;ipp;xsd</Extensions>
    </Filter>
    <Filter Include="Resource Files">
      <UniqueIdentifier>{67DA6AB6-F800-4c08-8B7A-83BB121AAD01}</UniqueIdentifier>
      <Extensions>rc;ico;cur;bmp;dlg;rc2;rct;bin;rgs;gif;jpg;jpeg;jpe;resx;tiff;tif;png;wav;mfcribbon-ms</Extensions>
    </Filter>
    <Filter Include="Shader Models">
      <UniqueIdentifier>{aa92a29e-3a91-4ee2-8bd3-999b822f19b7}</UniqueIdentifier>
    </Filter>
    <Filter Include="Shader Models\Default">
      <UniqueIdentifier>{38c7304d-2892-4a70-8853-eb82e7dcf102}</UniqueIdentifier>
    </Filter>
    <Filter Include="Shader Models\Default\Shaders">
      <UniqueIdentifier>{695a223d-79b4-47e2-8bad-6da51fba9b99}</UniqueIdentifier>
    </Filter>
    <Filter Include="Okay">
      <UniqueIdentifier>{da011ad7-69ea-4e8f-9c2d-485f198c44a9}</UniqueIdentifier>
    </Filter>
    <Filter Include="Header Files\Rendering">
      <UniqueIdentifier>{a4c01d3e-5412-4bf7-a57a-20c8cdeda5d3}</UniqueIdentifier>
    </Filter>
    <Filter Include="Header Files\Rendering\Mesh">
      <UniqueIdentifier>{eb3d2c63-d7de-4a8e-8f09-26268ed79e45}</UniqueIdentifier>
    </Filter>
    <Filter Include="Header Files\Rendering\Camera">
      <UniqueIdentifier>{a505cf1c-07f5-494f-8aca-d64f8e5a150d}</UniqueIdentifier>
    </Filter>
    <Filter Include="Header Files\Rendering\Renderer">
      <UniqueIdentifier>{78350a2a-8a6d-405d-b372-10d818a999e2}</UniqueIdentifier>
    </Filter>
    <Filter Include="Header Files\Rendering\Renderer\Shaders">
      <UniqueIdentifier>{3e16c749-f56d-440c-9d45-a596bd1e37a6}</UniqueIdentifier>
    </Filter>
    <Filter Include="Importer">
      <UniqueIdentifier>{404708d9-9e4e-4faf-b907-9877e7686113}</UniqueIdentifier>
    </Filter>
    <Filter Include="ECS">
      <UniqueIdentifier>{3796570e-754b-45e1-b880-46daa1608ee9}</UniqueIdentifier>
    </Filter>
  </ItemGroup>
  <ItemGroup>
    <ClCompile Include="Main.cpp">
      <Filter>Source Files</Filter>
    </ClCompile>
    <ClCompile Include="System.cpp">
      <Filter>Source Files</Filter>
    </ClCompile>
    <ClCompile Include="DX11.cpp">
      <Filter>Source Files</Filter>
    </ClCompile>
    <ClCompile Include="Okay.cpp">
      <Filter>Okay</Filter>
    </ClCompile>
    <ClCompile Include="Mesh.cpp">
      <Filter>Header Files\Rendering\Mesh</Filter>
    </ClCompile>
    <ClCompile Include="Camera.cpp">
      <Filter>Header Files\Rendering\Camera</Filter>
    </ClCompile>
    <ClCompile Include="ShaderModel.cpp">
      <Filter>Shader Models\Default</Filter>
    </ClCompile>
    <ClCompile Include="Renderer.cpp">
      <Filter>Header Files\Rendering\Renderer</Filter>
    </ClCompile>
    <ClCompile Include="ResourceManager.cpp">
      <Filter>Importer</Filter>
    </ClCompile>
    <ClCompile Include="Engine.cpp">
      <Filter>Source Files</Filter>
    </ClCompile>
    <ClCompile Include="Scene.cpp">
      <Filter>ECS</Filter>
    </ClCompile>
  </ItemGroup>
  <ItemGroup>
    <ClInclude Include="System.h">
      <Filter>Header Files</Filter>
    </ClInclude>
    <ClInclude Include="DX11.h">
      <Filter>Header Files</Filter>
    </ClInclude>
    <ClInclude Include="ShaderModel.h">
      <Filter>Shader Models\Default</Filter>
    </ClInclude>
    <ClInclude Include="Okay.h">
      <Filter>Okay</Filter>
    </ClInclude>
    <ClInclude Include="Defines.h">
      <Filter>Okay</Filter>
    </ClInclude>
    <ClInclude Include="OkayVertices.h">
      <Filter>Header Files\Rendering\Mesh</Filter>
    </ClInclude>
    <ClInclude Include="Mesh.h">
      <Filter>Header Files\Rendering\Mesh</Filter>
    </ClInclude>
    <ClInclude Include="Camera.h">
      <Filter>Header Files\Rendering\Camera</Filter>
    </ClInclude>
    <ClInclude Include="Renderer.h">
      <Filter>Header Files\Rendering\Renderer</Filter>
    </ClInclude>
    <ClInclude Include="OkayImporter.h">
      <Filter>Importer</Filter>
    </ClInclude>
    <ClInclude Include="ResourceManager.h">
      <Filter>Importer</Filter>
    </ClInclude>
    <ClInclude Include="Engine.h">
      <Filter>Header Files</Filter>
    </ClInclude>
    <ClInclude Include="Entity.h">
      <Filter>ECS</Filter>
    </ClInclude>
    <ClInclude Include="Scene.h">
      <Filter>ECS</Filter>
    </ClInclude>
  </ItemGroup>
  <ItemGroup>
    <FxCompile Include="MeshVS.hlsl">
      <Filter>Header Files\Rendering\Renderer\Shaders</Filter>
    </FxCompile>
    <FxCompile Include="PhongPS.hlsl">
      <Filter>Shader Models\Default\Shaders</Filter>
    </FxCompile>
  </ItemGroup>
  <ItemGroup>
    <None Include="ShaderInclude.hlsli">
      <Filter>Header Files\Rendering\Renderer\Shaders</Filter>
    </None>
  </ItemGroup>
</Project>